
Microsoft Visual Studio Solution File, Format Version 12.00
# Visual Studio Version 17
VisualStudioVersion = 17.6.33829.357
MinimumVisualStudioVersion = 10.0.40219.1
Project("{9A19103F-16F7-4668-BE54-9A1E7A4F7556}") = "UserDB", "UserDB\UserDB.csproj", "{0DF49DB6-E67E-473B-A7F9-3551DF3E9348}"
EndProject
Project("{9A19103F-16F7-4668-BE54-9A1E7A4F7556}") = "DataAccess.Layer", "DataAccess.Layer\DataAccess.Layer.csproj", "{8CCE0DC6-6AA8-4FB3-95B3-AE05FD7736BB}"
EndProject
Project("{9A19103F-16F7-4668-BE54-9A1E7A4F7556}") = "BusinessServices.Layer", "BusinessServices.Layer\BusinessServices.Layer.csproj", "{6F7840C0-A5C1-48EA-94A8-D8913935939A}"
EndProject
Project("{9A19103F-16F7-4668-BE54-9A1E7A4F7556}") = "UserAPI", "User.API\UserAPI.csproj", "{FA87DB92-E3F8-4CAF-843B-9036278517EC}"
EndProject
Project("{2150E333-8FDC-42A3-9474-1A3956D46DE8}") = "Domain", "Domain", "{1A12EA1D-3EF7-4FFE-A2BB-C70357CEDB88}"
EndProject
Global
	GlobalSection(SolutionConfigurationPlatforms) = preSolution
		Debug|Any CPU = Debug|Any CPU
		Release|Any CPU = Release|Any CPU
	EndGlobalSection
	GlobalSection(ProjectConfigurationPlatforms) = postSolution
		{0DF49DB6-E67E-473B-A7F9-3551DF3E9348}.Debug|Any CPU.ActiveCfg = Debug|Any CPU
		{0DF49DB6-E67E-473B-A7F9-3551DF3E9348}.Debug|Any CPU.Build.0 = Debug|Any CPU
		{0DF49DB6-E67E-473B-A7F9-3551DF3E9348}.Release|Any CPU.ActiveCfg = Release|Any CPU
		{0DF49DB6-E67E-473B-A7F9-3551DF3E9348}.Release|Any CPU.Build.0 = Release|Any CPU
		{8CCE0DC6-6AA8-4FB3-95B3-AE05FD7736BB}.Debug|Any CPU.ActiveCfg = Debug|Any CPU
		{8CCE0DC6-6AA8-4FB3-95B3-AE05FD7736BB}.Debug|Any CPU.Build.0 = Debug|Any CPU
		{8CCE0DC6-6AA8-4FB3-95B3-AE05FD7736BB}.Release|Any CPU.ActiveCfg = Release|Any CPU
		{8CCE0DC6-6AA8-4FB3-95B3-AE05FD7736BB}.Release|Any CPU.Build.0 = Release|Any CPU
		{6F7840C0-A5C1-48EA-94A8-D8913935939A}.Debug|Any CPU.ActiveCfg = Debug|Any CPU
		{6F7840C0-A5C1-48EA-94A8-D8913935939A}.Debug|Any CPU.Build.0 = Debug|Any CPU
		{6F7840C0-A5C1-48EA-94A8-D8913935939A}.Release|Any CPU.ActiveCfg = Release|Any CPU
		{6F7840C0-A5C1-48EA-94A8-D8913935939A}.Release|Any CPU.Build.0 = Release|Any CPU
		{FA87DB92-E3F8-4CAF-843B-9036278517EC}.Debug|Any CPU.ActiveCfg = Debug|Any CPU
		{FA87DB92-E3F8-4CAF-843B-9036278517EC}.Debug|Any CPU.Build.0 = Debug|Any CPU
		{FA87DB92-E3F8-4CAF-843B-9036278517EC}.Release|Any CPU.ActiveCfg = Release|Any CPU
		{FA87DB92-E3F8-4CAF-843B-9036278517EC}.Release|Any CPU.Build.0 = Release|Any CPU
	EndGlobalSection
	GlobalSection(SolutionProperties) = preSolution
		HideSolutionNode = FALSE
	EndGlobalSection
	GlobalSection(ExtensibilityGlobals) = postSolution
		SolutionGuid = {921AAF7E-3EA0-42F1-AFEC-41049E9E9548}
	EndGlobalSection
EndGlobal
